{
  "name": "backboneapp",
  "version": "1.0.0",
  "lockfileVersion": 1,
  "requires": true,
  "dependencies": {
    "backbone": {
      "version": "1.3.3",
      "resolved": "https://registry.npmjs.org/backbone/-/backbone-1.3.3.tgz",
      "integrity": "sha1-TMgOp8sWMaxHSInOQPL4vGg7KZk=",
      "requires": {
        "underscore": "1.8.3"
      }
    },
    "backbone-validation": {
      "version": "0.11.5",
      "resolved": "https://registry.npmjs.org/backbone-validation/-/backbone-validation-0.11.5.tgz",
      "integrity": "sha1-UEv7AHnlZz5qTEvq+76h0vOYckQ=",
      "requires": {
        "backbone": "1.3.3",
        "underscore": "1.8.3"
      }
    },
    "bootstrap": {
      "version": "3.3.7",
      "resolved": "https://registry.npmjs.org/bootstrap/-/bootstrap-3.3.7.tgz",
      "integrity": "sha1-WjiTlFSfIzMIdaOxUGVldPip63E="
    },
    "font-awesome": {
      "version": "4.7.0",
      "resolved": "https://registry.npmjs.org/font-awesome/-/font-awesome-4.7.0.tgz",
      "integrity": "sha1-j6jPBBGhoxr9B7BtKQK7n8gVoTM="
    },
    "jquery": {
      "version": "3.2.1",
      "resolved": "https://registry.npmjs.org/jquery/-/jquery-3.2.1.tgz",
      "integrity": "sha1-XE2d5lKvbNCncBVKYxu6ErAVx4c="
    },
    "ractive": {
      "version": "0.9.4",
      "resolved": "https://registry.npmjs.org/ractive/-/ractive-0.9.4.tgz",
      "integrity": "sha1-+ZY4CnyXaSlVVZJ9lheMsEgHs80="
    },
    "ractive-adaptors-backbone": {
      "version": "0.3.0",
      "resolved": "https://registry.npmjs.org/ractive-adaptors-backbone/-/ractive-adaptors-backbone-0.3.0.tgz",
      "integrity": "sha1-IVHmPSQ7A3n3TV+Jvo/bGxN8xqA="
    },
    "underscore": {
      "version": "1.8.3",
      "resolved": "https://registry.npmjs.org/underscore/-/underscore-1.8.3.tgz",
      "integrity": "sha1-Tz+1OxBuYJf8+ctBCfKl6b36UCI="
    }
  }
}
